
Microsoft Visual Studio Solution File, Format Version 12.00
# Visual Studio Version 17
VisualStudioVersion = 17.0.32014.148
MinimumVisualStudioVersion = 10.0.40219.1
Project("{9A19103F-16F7-4668-BE54-9A1E7A4F7556}") = "PadroesDeProjeto.Strategy", "Strategy\PadroesDeProjeto.Strategy.csproj", "{45FEF21E-5118-4915-AA2D-EA2C02CEFD4E}"
EndProject
Project("{9A19103F-16F7-4668-BE54-9A1E7A4F7556}") = "PadroesDeProjeto.Tests", "TestePadroesDeProjeto\PadroesDeProjeto.Tests.csproj", "{243A2EBC-A7A5-491F-9FA0-4560D02651DD}"
EndProject
Project("{9A19103F-16F7-4668-BE54-9A1E7A4F7556}") = "PadroesDeProjeto.ChainOfResponsability", "PadroesDeProjeto.ChainOfResponsability\PadroesDeProjeto.ChainOfResponsability.csproj", "{66B0C2EC-3AEC-4731-A9A1-6CB736DC9920}"
EndProject
Project("{FAE04EC0-301F-11D3-BF4B-00C04F79EFBC}") = "PadroesDeProjeto.TemplateMethod", "PadroesDeProjeto.TemplateMethod\PadroesDeProjeto.TemplateMethod.csproj", "{63BEE090-4190-4D86-A7A8-CDAF93ABC097}"
EndProject
Global
	GlobalSection(SolutionConfigurationPlatforms) = preSolution
		Debug|Any CPU = Debug|Any CPU
		Debug|x64 = Debug|x64
		Debug|x86 = Debug|x86
		Release|Any CPU = Release|Any CPU
		Release|x64 = Release|x64
		Release|x86 = Release|x86
	EndGlobalSection
	GlobalSection(ProjectConfigurationPlatforms) = postSolution
		{45FEF21E-5118-4915-AA2D-EA2C02CEFD4E}.Debug|Any CPU.ActiveCfg = Debug|Any CPU
		{45FEF21E-5118-4915-AA2D-EA2C02CEFD4E}.Debug|Any CPU.Build.0 = Debug|Any CPU
		{45FEF21E-5118-4915-AA2D-EA2C02CEFD4E}.Debug|x64.ActiveCfg = Debug|Any CPU
		{45FEF21E-5118-4915-AA2D-EA2C02CEFD4E}.Debug|x64.Build.0 = Debug|Any CPU
		{45FEF21E-5118-4915-AA2D-EA2C02CEFD4E}.Debug|x86.ActiveCfg = Debug|Any CPU
		{45FEF21E-5118-4915-AA2D-EA2C02CEFD4E}.Debug|x86.Build.0 = Debug|Any CPU
		{45FEF21E-5118-4915-AA2D-EA2C02CEFD4E}.Release|Any CPU.ActiveCfg = Release|Any CPU
		{45FEF21E-5118-4915-AA2D-EA2C02CEFD4E}.Release|Any CPU.Build.0 = Release|Any CPU
		{45FEF21E-5118-4915-AA2D-EA2C02CEFD4E}.Release|x64.ActiveCfg = Release|Any CPU
		{45FEF21E-5118-4915-AA2D-EA2C02CEFD4E}.Release|x64.Build.0 = Release|Any CPU
		{45FEF21E-5118-4915-AA2D-EA2C02CEFD4E}.Release|x86.ActiveCfg = Release|Any CPU
		{45FEF21E-5118-4915-AA2D-EA2C02CEFD4E}.Release|x86.Build.0 = Release|Any CPU
		{243A2EBC-A7A5-491F-9FA0-4560D02651DD}.Debug|Any CPU.ActiveCfg = Debug|Any CPU
		{243A2EBC-A7A5-491F-9FA0-4560D02651DD}.Debug|Any CPU.Build.0 = Debug|Any CPU
		{243A2EBC-A7A5-491F-9FA0-4560D02651DD}.Debug|x64.ActiveCfg = Debug|Any CPU
		{243A2EBC-A7A5-491F-9FA0-4560D02651DD}.Debug|x64.Build.0 = Debug|Any CPU
		{243A2EBC-A7A5-491F-9FA0-4560D02651DD}.Debug|x86.ActiveCfg = Debug|Any CPU
		{243A2EBC-A7A5-491F-9FA0-4560D02651DD}.Debug|x86.Build.0 = Debug|Any CPU
		{243A2EBC-A7A5-491F-9FA0-4560D02651DD}.Release|Any CPU.ActiveCfg = Release|Any CPU
		{243A2EBC-A7A5-491F-9FA0-4560D02651DD}.Release|Any CPU.Build.0 = Release|Any CPU
		{243A2EBC-A7A5-491F-9FA0-4560D02651DD}.Release|x64.ActiveCfg = Release|Any CPU
		{243A2EBC-A7A5-491F-9FA0-4560D02651DD}.Release|x64.Build.0 = Release|Any CPU
		{243A2EBC-A7A5-491F-9FA0-4560D02651DD}.Release|x86.ActiveCfg = Release|Any CPU
		{243A2EBC-A7A5-491F-9FA0-4560D02651DD}.Release|x86.Build.0 = Release|Any CPU
		{66B0C2EC-3AEC-4731-A9A1-6CB736DC9920}.Debug|Any CPU.ActiveCfg = Debug|Any CPU
		{66B0C2EC-3AEC-4731-A9A1-6CB736DC9920}.Debug|Any CPU.Build.0 = Debug|Any CPU
		{66B0C2EC-3AEC-4731-A9A1-6CB736DC9920}.Debug|x64.ActiveCfg = Debug|Any CPU
		{66B0C2EC-3AEC-4731-A9A1-6CB736DC9920}.Debug|x64.Build.0 = Debug|Any CPU
		{66B0C2EC-3AEC-4731-A9A1-6CB736DC9920}.Debug|x86.ActiveCfg = Debug|Any CPU
		{66B0C2EC-3AEC-4731-A9A1-6CB736DC9920}.Debug|x86.Build.0 = Debug|Any CPU
		{66B0C2EC-3AEC-4731-A9A1-6CB736DC9920}.Release|Any CPU.ActiveCfg = Release|Any CPU
		{66B0C2EC-3AEC-4731-A9A1-6CB736DC9920}.Release|Any CPU.Build.0 = Release|Any CPU
		{66B0C2EC-3AEC-4731-A9A1-6CB736DC9920}.Release|x64.ActiveCfg = Release|Any CPU
		{66B0C2EC-3AEC-4731-A9A1-6CB736DC9920}.Release|x64.Build.0 = Release|Any CPU
		{66B0C2EC-3AEC-4731-A9A1-6CB736DC9920}.Release|x86.ActiveCfg = Release|Any CPU
		{66B0C2EC-3AEC-4731-A9A1-6CB736DC9920}.Release|x86.Build.0 = Release|Any CPU
		{63BEE090-4190-4D86-A7A8-CDAF93ABC097}.Debug|Any CPU.ActiveCfg = Debug|Any CPU
		{63BEE090-4190-4D86-A7A8-CDAF93ABC097}.Debug|Any CPU.Build.0 = Debug|Any CPU
		{63BEE090-4190-4D86-A7A8-CDAF93ABC097}.Debug|x64.ActiveCfg = Debug|Any CPU
		{63BEE090-4190-4D86-A7A8-CDAF93ABC097}.Debug|x64.Build.0 = Debug|Any CPU
		{63BEE090-4190-4D86-A7A8-CDAF93ABC097}.Debug|x86.ActiveCfg = Debug|Any CPU
		{63BEE090-4190-4D86-A7A8-CDAF93ABC097}.Debug|x86.Build.0 = Debug|Any CPU
		{63BEE090-4190-4D86-A7A8-CDAF93ABC097}.Release|Any CPU.ActiveCfg = Release|Any CPU
		{63BEE090-4190-4D86-A7A8-CDAF93ABC097}.Release|Any CPU.Build.0 = Release|Any CPU
		{63BEE090-4190-4D86-A7A8-CDAF93ABC097}.Release|x64.ActiveCfg = Release|Any CPU
		{63BEE090-4190-4D86-A7A8-CDAF93ABC097}.Release|x64.Build.0 = Release|Any CPU
		{63BEE090-4190-4D86-A7A8-CDAF93ABC097}.Release|x86.ActiveCfg = Release|Any CPU
		{63BEE090-4190-4D86-A7A8-CDAF93ABC097}.Release|x86.Build.0 = Release|Any CPU
	EndGlobalSection
	GlobalSection(SolutionProperties) = preSolution
		HideSolutionNode = FALSE
	EndGlobalSection
	GlobalSection(ExtensibilityGlobals) = postSolution
		SolutionGuid = {196D25FA-32D0-404C-AFB7-4BA280C8D2A7}
	EndGlobalSection
EndGlobal
